
Microsoft Visual Studio Solution File, Format Version 12.00
# Visual Studio Version 17
VisualStudioVersion = 17.9.34701.34
MinimumVisualStudioVersion = 10.0.40219.1
Project("{FAE04EC0-301F-11D3-BF4B-00C04F79EFBC}") = "Quiz1", "Quiz1\Quiz1.csproj", "{DA4F7E34-D4CC-436A-A506-0B8FFE6A5601}"
EndProject
Global
	GlobalSection(SolutionConfigurationPlatforms) = preSolution
		Debug|Any CPU = Debug|Any CPU
		Release|Any CPU = Release|Any CPU
	EndGlobalSection
	GlobalSection(ProjectConfigurationPlatforms) = postSolution
		{DA4F7E34-D4CC-436A-A506-0B8FFE6A5601}.Debug|Any CPU.ActiveCfg = Debug|Any CPU
		{DA4F7E34-D4CC-436A-A506-0B8FFE6A5601}.Debug|Any CPU.Build.0 = Debug|Any CPU
		{DA4F7E34-D4CC-436A-A506-0B8FFE6A5601}.Release|Any CPU.ActiveCfg = Release|Any CPU
		{DA4F7E34-D4CC-436A-A506-0B8FFE6A5601}.Release|Any CPU.Build.0 = Release|Any CPU
	EndGlobalSection
	GlobalSection(SolutionProperties) = preSolution
		HideSolutionNode = FALSE
	EndGlobalSection
	GlobalSection(ExtensibilityGlobals) = postSolution
		SolutionGuid = {46C20DEF-9A4A-4C11-9C9F-B12E6B3D468F}
	EndGlobalSection
EndGlobal
